
Microsoft Visual Studio Solution File, Format Version 12.00
# Visual Studio Version 16
VisualStudioVersion = 16.0.30114.105
MinimumVisualStudioVersion = 10.0.40219.1
Project("{FAE04EC0-301F-11D3-BF4B-00C04F79EFBC}") = "TorChess", "TorChess.csproj", "{6859F5FE-7184-4400-BFC7-8BEC67DDC6BD}"
EndProject
Global
	GlobalSection(SolutionConfigurationPlatforms) = preSolution
		Debug|Any CPU = Debug|Any CPU
		Release|Any CPU = Release|Any CPU
	EndGlobalSection
	GlobalSection(ProjectConfigurationPlatforms) = postSolution
		{6859F5FE-7184-4400-BFC7-8BEC67DDC6BD}.Debug|Any CPU.ActiveCfg = Debug|Any CPU
		{6859F5FE-7184-4400-BFC7-8BEC67DDC6BD}.Debug|Any CPU.Build.0 = Debug|Any CPU
		{6859F5FE-7184-4400-BFC7-8BEC67DDC6BD}.Release|Any CPU.ActiveCfg = Release|Any CPU
		{6859F5FE-7184-4400-BFC7-8BEC67DDC6BD}.Release|Any CPU.Build.0 = Release|Any CPU
	EndGlobalSection
	GlobalSection(SolutionProperties) = preSolution
		HideSolutionNode = FALSE
	EndGlobalSection
	GlobalSection(ExtensibilityGlobals) = postSolution
		SolutionGuid = {E3C988F9-767D-4A2A-B149-67B36A22B5FF}
	EndGlobalSection
EndGlobal
